
Microsoft Visual Studio Solution File, Format Version 12.00
Project("{FAE04EC0-301F-11D3-BF4B-00C04F79EFBC}") = "DotNetTask", "DotNetTask\DotNetTask.csproj", "{71F34B23-47AA-4F80-84AF-02107CB5259F}"
EndProject
Global
	GlobalSection(SolutionConfigurationPlatforms) = preSolution
		Debug|Any CPU = Debug|Any CPU
		Release|Any CPU = Release|Any CPU
	EndGlobalSection
	GlobalSection(ProjectConfigurationPlatforms) = postSolution
		{71F34B23-47AA-4F80-84AF-02107CB5259F}.Debug|Any CPU.ActiveCfg = Debug|Any CPU
		{71F34B23-47AA-4F80-84AF-02107CB5259F}.Debug|Any CPU.Build.0 = Debug|Any CPU
		{71F34B23-47AA-4F80-84AF-02107CB5259F}.Release|Any CPU.ActiveCfg = Release|Any CPU
		{71F34B23-47AA-4F80-84AF-02107CB5259F}.Release|Any CPU.Build.0 = Release|Any CPU
	EndGlobalSection
EndGlobal
